
Microsoft Visual Studio Solution File, Format Version 12.00
# Visual Studio Version 17
VisualStudioVersion = 17.0.32112.339
MinimumVisualStudioVersion = 10.0.40219.1
Project("{9A19103F-16F7-4668-BE54-9A1E7A4F7556}") = "makepfx", "makepfx.csproj", "{89BF33D7-AD4E-407F-A377-869FA491E198}"
EndProject
Global
	GlobalSection(SolutionConfigurationPlatforms) = preSolution
		Debug|Any CPU = Debug|Any CPU
		Release|Any CPU = Release|Any CPU
	EndGlobalSection
	GlobalSection(ProjectConfigurationPlatforms) = postSolution
		{89BF33D7-AD4E-407F-A377-869FA491E198}.Debug|Any CPU.ActiveCfg = Debug|Any CPU
		{89BF33D7-AD4E-407F-A377-869FA491E198}.Debug|Any CPU.Build.0 = Debug|Any CPU
		{89BF33D7-AD4E-407F-A377-869FA491E198}.Release|Any CPU.ActiveCfg = Release|Any CPU
		{89BF33D7-AD4E-407F-A377-869FA491E198}.Release|Any CPU.Build.0 = Release|Any CPU
	EndGlobalSection
	GlobalSection(SolutionProperties) = preSolution
		HideSolutionNode = FALSE
	EndGlobalSection
	GlobalSection(ExtensibilityGlobals) = postSolution
		SolutionGuid = {205B9DF7-F8B3-4E9B-ABC7-51FE8C2A36DE}
	EndGlobalSection
EndGlobal
